// !$*UTF8*$!
{
	archiveVersion = 1;
	classes = {
	};
	objectVersion = 46;
	objects = {

/* Begin PBXBuildFile section */
		8B0DA02C203F4ED00004F29B /* auto-viseur.cpp in Sources */ = {isa = PBXBuildFile; fileRef = 8B0DA026203F4ED00004F29B /* auto-viseur.cpp */; };
		8B0DA02D203F4ED00004F29B /* hello-world.cpp in Sources */ = {isa = PBXBuildFile; fileRef = 8B0DA027203F4ED00004F29B /* hello-world.cpp */; };
		8B0DA02E203F4ED00004F29B /* main.cpp in Sources */ = {isa = PBXBuildFile; fileRef = 8B0DA028203F4ED00004F29B /* main.cpp */; };
/* End PBXBuildFile section */

/* Begin PBXCopyFilesBuildPhase section */
		8B0DA00B203F4D6A0004F29B /* CopyFiles */ = {
			isa = PBXCopyFilesBuildPhase;
			buildActionMask = 2147483647;
			dstPath = /usr/share/man/man1/;
			dstSubfolderSpec = 0;
			files = (
			);
			runOnlyForDeploymentPostprocessing = 1;
		};
/* End PBXCopyFilesBuildPhase section */

/* Begin PBXFileReference section */
		8B0DA00D203F4D6A0004F29B /* raspberry-pi-fpv-visor */ = {isa = PBXFileReference; explicitFileType = "compiled.mach-o.executable"; includeInIndex = 0; path = "raspberry-pi-fpv-visor"; sourceTree = BUILT_PRODUCTS_DIR; };
		8B0DA021203F4ED00004F29B /* auto-viseur.hpp */ = {isa = PBXFileReference; fileEncoding = 4; lastKnownFileType = sourcecode.cpp.h; path = "auto-viseur.hpp"; sourceTree = "<group>"; };
		8B0DA022203F4ED00004F29B /* hello-world.hpp */ = {isa = PBXFileReference; fileEncoding = 4; lastKnownFileType = sourcecode.cpp.h; path = "hello-world.hpp"; sourceTree = "<group>"; };
		8B0DA023203F4ED00004F29B /* Makefile */ = {isa = PBXFileReference; fileEncoding = 4; lastKnownFileType = sourcecode.make; path = Makefile; sourceTree = "<group>"; };
		8B0DA024203F4ED00004F29B /* README.md */ = {isa = PBXFileReference; fileEncoding = 4; lastKnownFileType = net.daringfireball.markdown; path = README.md; sourceTree = "<group>"; };
		8B0DA026203F4ED00004F29B /* auto-viseur.cpp */ = {isa = PBXFileReference; fileEncoding = 4; lastKnownFileType = sourcecode.cpp.cpp; path = "auto-viseur.cpp"; sourceTree = "<group>"; };
		8B0DA027203F4ED00004F29B /* hello-world.cpp */ = {isa = PBXFileReference; fileEncoding = 4; lastKnownFileType = sourcecode.cpp.cpp; path = "hello-world.cpp"; sourceTree = "<group>"; };
		8B0DA028203F4ED00004F29B /* main.cpp */ = {isa = PBXFileReference; fileEncoding = 4; lastKnownFileType = sourcecode.cpp.cpp; path = main.cpp; sourceTree = "<group>"; };
		8B0DA02F204135970004F29B /* .gitignore */ = {isa = PBXFileReference; lastKnownFileType = text; path = .gitignore; sourceTree = "<group>"; };
/* End PBXFileReference section */

/* Begin PBXFrameworksBuildPhase section */
		8B0DA00A203F4D6A0004F29B /* Frameworks */ = {
			isa = PBXFrameworksBuildPhase;
			buildActionMask = 2147483647;
			files = (
			);
			runOnlyForDeploymentPostprocessing = 0;
		};
/* End PBXFrameworksBuildPhase section */

/* Begin PBXGroup section */
		8B0DA004203F4D6A0004F29B = {
			isa = PBXGroup;
			children = (
				8B0DA02F204135970004F29B /* .gitignore */,
				8B0DA00E203F4D6A0004F29B /* Products */,
				8B0DA020203F4ED00004F29B /* include */,
				8B0DA023203F4ED00004F29B /* Makefile */,
				8B0DA024203F4ED00004F29B /* README.md */,
				8B0DA025203F4ED00004F29B /* src */,
				8B0DA029203F4ED00004F29B /* test */,
			);
			sourceTree = "<group>";
		};
		8B0DA00E203F4D6A0004F29B /* Products */ = {
			isa = PBXGroup;
			children = (
				8B0DA00D203F4D6A0004F29B /* raspberry-pi-fpv-visor */,
			);
			name = Products;
			sourceTree = "<group>";
		};
		8B0DA020203F4ED00004F29B /* include */ = {
			isa = PBXGroup;
			children = (
				8B0DA021203F4ED00004F29B /* auto-viseur.hpp */,
				8B0DA022203F4ED00004F29B /* hello-world.hpp */,
			);
			path = include;
			sourceTree = "<group>";
		};
		8B0DA025203F4ED00004F29B /* src */ = {
			isa = PBXGroup;
			children = (
				8B0DA026203F4ED00004F29B /* auto-viseur.cpp */,
				8B0DA027203F4ED00004F29B /* hello-world.cpp */,
				8B0DA028203F4ED00004F29B /* main.cpp */,
			);
			path = src;
			sourceTree = "<group>";
		};
		8B0DA029203F4ED00004F29B /* test */ = {
			isa = PBXGroup;
			children = (
			);
			path = test;
			sourceTree = "<group>";
		};
/* End PBXGroup section */

/* Begin PBXNativeTarget section */
		8B0DA00C203F4D6A0004F29B /* raspberry-pi-fpv-visor */ = {
			isa = PBXNativeTarget;
			buildConfigurationList = 8B0DA014203F4D6A0004F29B /* Build configuration list for PBXNativeTarget "raspberry-pi-fpv-visor" */;
			buildPhases = (
				8B0DA009203F4D6A0004F29B /* Sources */,
				8B0DA00A203F4D6A0004F29B /* Frameworks */,
				8B0DA00B203F4D6A0004F29B /* CopyFiles */,
			);
			buildRules = (
			);
			dependencies = (
			);
			name = "raspberry-pi-fpv-visor";
			productName = "raspberry-pi-fpv-visor";
			productReference = 8B0DA00D203F4D6A0004F29B /* raspberry-pi-fpv-visor */;
			productType = "com.apple.product-type.tool";
		};
/* End PBXNativeTarget section */

/* Begin PBXProject section */
		8B0DA005203F4D6A0004F29B /* Project object */ = {
			isa = PBXProject;
			attributes = {
				LastUpgradeCheck = 0820;
				ORGANIZATIONNAME = "Jean-Michel Gonet";
				TargetAttributes = {
					8B0DA00C203F4D6A0004F29B = {
						CreatedOnToolsVersion = 8.2.1;
						ProvisioningStyle = Automatic;
					};
				};
			};
			buildConfigurationList = 8B0DA008203F4D6A0004F29B /* Build configuration list for PBXProject "raspberry-pi-fpv-visor" */;
			compatibilityVersion = "Xcode 3.2";
			developmentRegion = English;
			hasScannedForEncodings = 0;
			knownRegions = (
				en,
			);
			mainGroup = 8B0DA004203F4D6A0004F29B;
			productRefGroup = 8B0DA00E203F4D6A0004F29B /* Products */;
			projectDirPath = "";
			projectRoot = "";
			targets = (
				8B0DA00C203F4D6A0004F29B /* raspberry-pi-fpv-visor */,
			);
		};
/* End PBXProject section */

/* Begin PBXSourcesBuildPhase section */
		8B0DA009203F4D6A0004F29B /* Sources */ = {
			isa = PBXSourcesBuildPhase;
			buildActionMask = 2147483647;
			files = (
				8B0DA02C203F4ED00004F29B /* auto-viseur.cpp in Sources */,
				8B0DA02D203F4ED00004F29B /* hello-world.cpp in Sources */,
				8B0DA02E203F4ED00004F29B /* main.cpp in Sources */,
			);
			runOnlyForDeploymentPostprocessing = 0;
		};
/* End PBXSourcesBuildPhase section */

/* Begin XCBuildConfiguration section */
		8B0DA012203F4D6A0004F29B /* Debug */ = {
			isa = XCBuildConfiguration;
			buildSettings = {
				ALWAYS_SEARCH_USER_PATHS = NO;
				CLANG_ANALYZER_NONNULL = YES;
				CLANG_CXX_LANGUAGE_STANDARD = "gnu++0x";
				CLANG_CXX_LIBRARY = "libc++";
				CLANG_ENABLE_MODULES = YES;
				CLANG_ENABLE_OBJC_ARC = YES;
				CLANG_WARN_BOOL_CONVERSION = YES;
				CLANG_WARN_CONSTANT_CONVERSION = YES;
				CLANG_WARN_DIRECT_OBJC_ISA_USAGE = YES_ERROR;
				CLANG_WARN_DOCUMENTATION_COMMENTS = YES;
				CLANG_WARN_EMPTY_BODY = YES;
				CLANG_WARN_ENUM_CONVERSION = YES;
				CLANG_WARN_INFINITE_RECURSION = YES;
				CLANG_WARN_INT_CONVERSION = YES;
				CLANG_WARN_OBJC_ROOT_CLASS = YES_ERROR;
				CLANG_WARN_SUSPICIOUS_MOVE = YES;
				CLANG_WARN_UNREACHABLE_CODE = YES;
				CLANG_WARN__DUPLICATE_METHOD_MATCH = YES;
				CODE_SIGN_IDENTITY = "-";
				COPY_PHASE_STRIP = NO;
				DEBUG_INFORMATION_FORMAT = dwarf;
				ENABLE_STRICT_OBJC_MSGSEND = YES;
				ENABLE_TESTABILITY = YES;
				GCC_C_LANGUAGE_STANDARD = gnu99;
				GCC_DYNAMIC_NO_PIC = NO;
				GCC_NO_COMMON_BLOCKS = YES;
				GCC_OPTIMIZATION_LEVEL = 0;
				GCC_PREPROCESSOR_DEFINITIONS = (
					"DEBUG=1",
					"$(inherited)",
				);
				GCC_WARN_64_TO_32_BIT_CONVERSION = YES;
				GCC_WARN_ABOUT_RETURN_TYPE = YES_ERROR;
				GCC_WARN_UNDECLARED_SELECTOR = YES;
				GCC_WARN_UNINITIALIZED_AUTOS = YES_AGGRESSIVE;
				GCC_WARN_UNUSED_FUNCTION = YES;
				GCC_WARN_UNUSED_VARIABLE = YES;
				MACOSX_DEPLOYMENT_TARGET = 10.11;
				MTL_ENABLE_DEBUG_INFO = YES;
				ONLY_ACTIVE_ARCH = YES;
				SDKROOT = macosx;
			};
			name = Debug;
		};
		8B0DA013203F4D6A0004F29B /* Release */ = {
			isa = XCBuildConfiguration;
			buildSettings = {
				ALWAYS_SEARCH_USER_PATHS = NO;
				CLANG_ANALYZER_NONNULL = YES;
				CLANG_CXX_LANGUAGE_STANDARD = "gnu++0x";
				CLANG_CXX_LIBRARY = "libc++";
				CLANG_ENABLE_MODULES = YES;
				CLANG_ENABLE_OBJC_ARC = YES;
				CLANG_WARN_BOOL_CONVERSION = YES;
				CLANG_WARN_CONSTANT_CONVERSION = YES;
				CLANG_WARN_DIRECT_OBJC_ISA_USAGE = YES_ERROR;
				CLANG_WARN_DOCUMENTATION_COMMENTS = YES;
				CLANG_WARN_EMPTY_BODY = YES;
				CLANG_WARN_ENUM_CONVERSION = YES;
				CLANG_WARN_INFINITE_RECURSION = YES;
				CLANG_WARN_INT_CONVERSION = YES;
				CLANG_WARN_OBJC_ROOT_CLASS = YES_ERROR;
				CLANG_WARN_SUSPICIOUS_MOVE = YES;
				CLANG_WARN_UNREACHABLE_CODE = YES;
				CLANG_WARN__DUPLICATE_METHOD_MATCH = YES;
				CODE_SIGN_IDENTITY = "-";
				COPY_PHASE_STRIP = NO;
				DEBUG_INFORMATION_FORMAT = "dwarf-with-dsym";
				ENABLE_NS_ASSERTIONS = NO;
				ENABLE_STRICT_OBJC_MSGSEND = YES;
				GCC_C_LANGUAGE_STANDARD = gnu99;
				GCC_NO_COMMON_BLOCKS = YES;
				GCC_WARN_64_TO_32_BIT_CONVERSION = YES;
				GCC_WARN_ABOUT_RETURN_TYPE = YES_ERROR;
				GCC_WARN_UNDECLARED_SELECTOR = YES;
				GCC_WARN_UNINITIALIZED_AUTOS = YES_AGGRESSIVE;
				GCC_WARN_UNUSED_FUNCTION = YES;
				GCC_WARN_UNUSED_VARIABLE = YES;
				MACOSX_DEPLOYMENT_TARGET = 10.11;
				MTL_ENABLE_DEBUG_INFO = NO;
				SDKROOT = macosx;
			};
			name = Release;
		};
		8B0DA015203F4D6A0004F29B /* Debug */ = {
			isa = XCBuildConfiguration;
			buildSettings = {
				OTHER_CFLAGS = (
					"-D_REENTRANT",
					"-I/usr/local/Cellar/gtkmm3/3.22.2/include/gtkmm-3.0",
					"-I/usr/local/Cellar/gtkmm3/3.22.2/lib/gtkmm-3.0/include",
					"-I/usr/local/Cellar/atkmm/2.24.2/include/atkmm-1.6",
					"-I/usr/local/Cellar/gtk+3/3.22.28/include/gtk-3.0/unix-print",
					"-I/usr/local/Cellar/gtkmm3/3.22.2/include/gdkmm-3.0",
					"-I/usr/local/Cellar/gtkmm3/3.22.2/lib/gdkmm-3.0/include",
					"-I/usr/local/Cellar/glibmm/2.54.1/include/giomm-2.4",
					"-I/usr/local/Cellar/glibmm/2.54.1/lib/giomm-2.4/include",
					"-I/usr/local/Cellar/pangomm/2.40.1/include/pangomm-1.4",
					"-I/usr/local/Cellar/pangomm/2.40.1/lib/pangomm-1.4/include",
					"-I/usr/local/Cellar/glibmm/2.54.1/include/glibmm-2.4",
					"-I/usr/local/Cellar/glibmm/2.54.1/lib/glibmm-2.4/include",
					"-I/usr/local/Cellar/gtk+3/3.22.28/include/gtk-3.0",
					"-I/usr/local/Cellar/glib/2.54.3/include/gio-unix-2.0/",
					"-I/usr/local/Cellar/cairo/1.14.12/include/cairo",
					"-I/usr/local/Cellar/libepoxy/1.4.3/include",
					"-I/usr/local/Cellar/pango/1.40.14/include/pango-1.0",
					"-I/usr/local/Cellar/harfbuzz/1.7.5/include/harfbuzz",
					"-I/usr/local/Cellar/graphite2/1.3.10/include",
					"-I/usr/local/Cellar/pango/1.40.14/include/pango-1.0",
					"-I/usr/local/Cellar/atk/2.26.1/include/atk-1.0",
					"-I/usr/local/Cellar/cairo/1.14.12/include/cairo",
					"-I/usr/local/Cellar/cairomm/1.12.2/include/cairomm-1.0",
					"-I/usr/local/Cellar/cairomm/1.12.2/lib/cairomm-1.0/include",
					"-I/usr/local/Cellar/cairo/1.14.12/include/cairo",
					"-I/usr/local/Cellar/pixman/0.34.0_1/include/pixman-1",
					"-I/usr/local/Cellar/fontconfig/2.12.6/include",
					"-I/usr/local/opt/freetype/include/freetype2",
					"-I/usr/local/Cellar/libpng/1.6.34/include/libpng16",
					"-I/usr/local/Cellar/libsigc++/2.10.0/include/sigc++-2.0",
					"-I/usr/local/Cellar/libsigc++/2.10.0/lib/sigc++-2.0/include",
					"-I/usr/local/Cellar/gdk-pixbuf/2.36.11/include/gdk-pixbuf-2.0",
					"-I/usr/local/Cellar/libpng/1.6.34/include/libpng16",
					"-I/usr/local/Cellar/glib/2.54.3/include/glib-2.0",
					"-I/usr/local/Cellar/glib/2.54.3/lib/glib-2.0/include",
					"-I/usr/local/opt/gettext/include",
					"-I/usr/local/Cellar/pcre/8.41/include",
					"-I/usr/local/Cellar/opencv/3.4.0_1/include/opencv",
					"-I/usr/local/Cellar/opencv/3.4.0_1/include",
				);
				OTHER_LDFLAGS = (
					"-L/usr/local/Cellar/gtkmm3/3.22.2/lib",
					"-L/usr/local/Cellar/atkmm/2.24.2/lib",
					"-L/usr/local/Cellar/gtkmm3/3.22.2/lib",
					"-L/usr/local/Cellar/glibmm/2.54.1/lib",
					"-L/usr/local/Cellar/pangomm/2.40.1/lib",
					"-L/usr/local/Cellar/glibmm/2.54.1/lib",
					"-L/usr/local/Cellar/gtk+3/3.22.28/lib",
					"-L/usr/local/Cellar/pango/1.40.14/lib",
					"-L/usr/local/Cellar/atk/2.26.1/lib",
					"-L/usr/local/Cellar/cairo/1.14.12/lib",
					"-L/usr/local/Cellar/glib/2.54.3/lib",
					"-L/usr/local/Cellar/cairomm/1.12.2/lib",
					"-L/usr/local/Cellar/cairo/1.14.12/lib",
					"-L/usr/local/Cellar/libsigc++/2.10.0/lib",
					"-L/usr/local/Cellar/gdk-pixbuf/2.36.11/lib",
					"-L/usr/local/Cellar/glib/2.54.3/lib",
					"-L/usr/local/opt/gettext/lib",
					"-L/usr/local/Cellar/opencv/3.4.0_1/lib",
					"-lgtkmm-3.0",
					"-latkmm-1.6",
					"-lgdkmm-3.0",
					"-lgiomm-2.4",
					"-lpangomm-1.4",
					"-lglibmm-2.4",
					"-lgtk-3",
					"-lgdk-3",
					"-lpangocairo-1.0",
					"-lpango-1.0",
					"-latk-1.0",
					"-lcairo-gobject",
					"-lgio-2.0",
					"-lcairomm-1.0",
					"-lcairo",
					"-lsigc-2.0",
					"-lgdk_pixbuf-2.0",
					"-lgobject-2.0",
					"-lglib-2.0",
					"-lintl",
					"-Wl,-framework",
					"-Wl,CoreFoundation",
					"-lopencv_stitching",
					"-lopencv_superres",
					"-lopencv_videostab",
					"-lopencv_aruco",
					"-lopencv_bgsegm",
					"-lopencv_bioinspired",
					"-lopencv_ccalib",
					"-lopencv_dpm",
					"-lopencv_face",
					"-lopencv_photo",
					"-lopencv_fuzzy",
					"-lopencv_img_hash",
					"-lopencv_line_descriptor",
					"-lopencv_optflow",
					"-lopencv_reg",
					"-lopencv_rgbd",
					"-lopencv_saliency",
					"-lopencv_stereo",
					"-lopencv_structured_light",
					"-lopencv_phase_unwrapping",
					"-lopencv_surface_matching",
					"-lopencv_tracking",
					"-lopencv_datasets",
					"-lopencv_text",
					"-lopencv_dnn",
					"-lopencv_plot",
					"-lopencv_xfeatures2d",
					"-lopencv_shape",
					"-lopencv_video",
					"-lopencv_ml",
					"-lopencv_ximgproc",
					"-lopencv_calib3d",
					"-lopencv_features2d",
					"-lopencv_highgui",
					"-lopencv_videoio",
					"-lopencv_flann",
					"-lopencv_xobjdetect",
					"-lopencv_imgcodecs",
					"-lopencv_objdetect",
					"-lopencv_xphoto",
					"-lopencv_imgproc",
					"-lopencv_core",
				);
				PRODUCT_NAME = "$(TARGET_NAME)";
			};
			name = Debug;
		};
		8B0DA016203F4D6A0004F29B /* Release */ = {
			isa = XCBuildConfiguration;
			buildSettings = {
				OTHER_CFLAGS = (
					"-D_REENTRANT",
					"-I/usr/local/Cellar/gtkmm3/3.22.2/include/gtkmm-3.0",
					"-I/usr/local/Cellar/gtkmm3/3.22.2/lib/gtkmm-3.0/include",
					"-I/usr/local/Cellar/atkmm/2.24.2/include/atkmm-1.6",
					"-I/usr/local/Cellar/gtk+3/3.22.28/include/gtk-3.0/unix-print",
					"-I/usr/local/Cellar/gtkmm3/3.22.2/include/gdkmm-3.0",
					"-I/usr/local/Cellar/gtkmm3/3.22.2/lib/gdkmm-3.0/include",
					"-I/usr/local/Cellar/glibmm/2.54.1/include/giomm-2.4",
					"-I/usr/local/Cellar/glibmm/2.54.1/lib/giomm-2.4/include",
					"-I/usr/local/Cellar/pangomm/2.40.1/include/pangomm-1.4",
					"-I/usr/local/Cellar/pangomm/2.40.1/lib/pangomm-1.4/include",
					"-I/usr/local/Cellar/glibmm/2.54.1/include/glibmm-2.4",
					"-I/usr/local/Cellar/glibmm/2.54.1/lib/glibmm-2.4/include",
					"-I/usr/local/Cellar/gtk+3/3.22.28/include/gtk-3.0",
					"-I/usr/local/Cellar/glib/2.54.3/include/gio-unix-2.0/",
					"-I/usr/local/Cellar/cairo/1.14.12/include/cairo",
					"-I/usr/local/Cellar/libepoxy/1.4.3/include",
					"-I/usr/local/Cellar/pango/1.40.14/include/pango-1.0",
					"-I/usr/local/Cellar/harfbuzz/1.7.5/include/harfbuzz",
					"-I/usr/local/Cellar/graphite2/1.3.10/include",
					"-I/usr/local/Cellar/pango/1.40.14/include/pango-1.0",
					"-I/usr/local/Cellar/atk/2.26.1/include/atk-1.0",
					"-I/usr/local/Cellar/cairo/1.14.12/include/cairo",
					"-I/usr/local/Cellar/cairomm/1.12.2/include/cairomm-1.0",
					"-I/usr/local/Cellar/cairomm/1.12.2/lib/cairomm-1.0/include",
					"-I/usr/local/Cellar/cairo/1.14.12/include/cairo",
					"-I/usr/local/Cellar/pixman/0.34.0_1/include/pixman-1",
					"-I/usr/local/Cellar/fontconfig/2.12.6/include",
					"-I/usr/local/opt/freetype/include/freetype2",
					"-I/usr/local/Cellar/libpng/1.6.34/include/libpng16",
					"-I/usr/local/Cellar/libsigc++/2.10.0/include/sigc++-2.0",
					"-I/usr/local/Cellar/libsigc++/2.10.0/lib/sigc++-2.0/include",
					"-I/usr/local/Cellar/gdk-pixbuf/2.36.11/include/gdk-pixbuf-2.0",
					"-I/usr/local/Cellar/libpng/1.6.34/include/libpng16",
					"-I/usr/local/Cellar/glib/2.54.3/include/glib-2.0",
					"-I/usr/local/Cellar/glib/2.54.3/lib/glib-2.0/include",
					"-I/usr/local/opt/gettext/include",
					"-I/usr/local/Cellar/pcre/8.41/include",
					"-I/usr/local/Cellar/opencv/3.4.0_1/include/opencv",
					"-I/usr/local/Cellar/opencv/3.4.0_1/include",
				);
				OTHER_LDFLAGS = (
					"-L/usr/local/Cellar/gtkmm3/3.22.2/lib",
					"-L/usr/local/Cellar/atkmm/2.24.2/lib",
					"-L/usr/local/Cellar/gtkmm3/3.22.2/lib",
					"-L/usr/local/Cellar/glibmm/2.54.1/lib",
					"-L/usr/local/Cellar/pangomm/2.40.1/lib",
					"-L/usr/local/Cellar/glibmm/2.54.1/lib",
					"-L/usr/local/Cellar/gtk+3/3.22.28/lib",
					"-L/usr/local/Cellar/pango/1.40.14/lib",
					"-L/usr/local/Cellar/atk/2.26.1/lib",
					"-L/usr/local/Cellar/cairo/1.14.12/lib",
					"-L/usr/local/Cellar/glib/2.54.3/lib",
					"-L/usr/local/Cellar/cairomm/1.12.2/lib",
					"-L/usr/local/Cellar/cairo/1.14.12/lib",
					"-L/usr/local/Cellar/libsigc++/2.10.0/lib",
					"-L/usr/local/Cellar/gdk-pixbuf/2.36.11/lib",
					"-L/usr/local/Cellar/glib/2.54.3/lib",
					"-L/usr/local/opt/gettext/lib",
					"-L/usr/local/Cellar/opencv/3.4.0_1/lib",
					"-lgtkmm-3.0",
					"-latkmm-1.6",
					"-lgdkmm-3.0",
					"-lgiomm-2.4",
					"-lpangomm-1.4",
					"-lglibmm-2.4",
					"-lgtk-3",
					"-lgdk-3",
					"-lpangocairo-1.0",
					"-lpango-1.0",
					"-latk-1.0",
					"-lcairo-gobject",
					"-lgio-2.0",
					"-lcairomm-1.0",
					"-lcairo",
					"-lsigc-2.0",
					"-lgdk_pixbuf-2.0",
					"-lgobject-2.0",
					"-lglib-2.0",
					"-lintl",
					"-Wl,-framework",
					"-Wl,CoreFoundation",
					"-lopencv_stitching",
					"-lopencv_superres",
					"-lopencv_videostab",
					"-lopencv_aruco",
					"-lopencv_bgsegm",
					"-lopencv_bioinspired",
					"-lopencv_ccalib",
					"-lopencv_dpm",
					"-lopencv_face",
					"-lopencv_photo",
					"-lopencv_fuzzy",
					"-lopencv_img_hash",
					"-lopencv_line_descriptor",
					"-lopencv_optflow",
					"-lopencv_reg",
					"-lopencv_rgbd",
					"-lopencv_saliency",
					"-lopencv_stereo",
					"-lopencv_structured_light",
					"-lopencv_phase_unwrapping",
					"-lopencv_surface_matching",
					"-lopencv_tracking",
					"-lopencv_datasets",
					"-lopencv_text",
					"-lopencv_dnn",
					"-lopencv_plot",
					"-lopencv_xfeatures2d",
					"-lopencv_shape",
					"-lopencv_video",
					"-lopencv_ml",
					"-lopencv_ximgproc",
					"-lopencv_calib3d",
					"-lopencv_features2d",
					"-lopencv_highgui",
					"-lopencv_videoio",
					"-lopencv_flann",
					"-lopencv_xobjdetect",
					"-lopencv_imgcodecs",
					"-lopencv_objdetect",
					"-lopencv_xphoto",
					"-lopencv_imgproc",
					"-lopencv_core",
				);
				PRODUCT_NAME = "$(TARGET_NAME)";
			};
			name = Release;
		};
/* End XCBuildConfiguration section */

/* Begin XCConfigurationList section */
		8B0DA008203F4D6A0004F29B /* Build configuration list for PBXProject "raspberry-pi-fpv-visor" */ = {
			isa = XCConfigurationList;
			buildConfigurations = (
				8B0DA012203F4D6A0004F29B /* Debug */,
				8B0DA013203F4D6A0004F29B /* Release */,
			);
			defaultConfigurationIsVisible = 0;
			defaultConfigurationName = Release;
		};
		8B0DA014203F4D6A0004F29B /* Build configuration list for PBXNativeTarget "raspberry-pi-fpv-visor" */ = {
			isa = XCConfigurationList;
			buildConfigurations = (
				8B0DA015203F4D6A0004F29B /* Debug */,
				8B0DA016203F4D6A0004F29B /* Release */,
			);
			defaultConfigurationIsVisible = 0;
		};
/* End XCConfigurationList section */
	};
	rootObject = 8B0DA005203F4D6A0004F29B /* Project object */;
}
